
Microsoft Visual Studio Solution File, Format Version 12.00
# Visual Studio 14
VisualStudioVersion = 14.0.25420.1
MinimumVisualStudioVersion = 10.0.40219.1
Project("{FAE04EC0-301F-11D3-BF4B-00C04F79EFBC}") = "LINQ", "LINQ\LINQ.csproj", "{7B39883B-0D14-4C51-A47D-981B5FAA3777}"
EndProject
Project("{FAE04EC0-301F-11D3-BF4B-00C04F79EFBC}") = "XAML", "XAML\XAML.csproj", "{0AB453AE-2CD7-4708-A5A0-C21C41EF6875}"
EndProject
Project("{FAE04EC0-301F-11D3-BF4B-00C04F79EFBC}") = "Layouts", "Layouts\Layouts.csproj", "{9B528FA9-7FB3-4EB2-9BC1-B03BBE2BDF1C}"
EndProject
Project("{FAE04EC0-301F-11D3-BF4B-00C04F79EFBC}") = "DataBinding", "DataBinding\DataBinding.csproj", "{E2A7D20A-1D75-43D8-AC68-520851173207}"
EndProject
Project("{FAE04EC0-301F-11D3-BF4B-00C04F79EFBC}") = "NavegacaoSimples", "NavegacaoSimples\NavegacaoSimples.csproj", "{9B9598DE-FA43-41B1-AFFA-F9A28F16BE89}"
EndProject
Project("{FAE04EC0-301F-11D3-BF4B-00C04F79EFBC}") = "NavegacaoHamburger", "NavegacaoHamburger\NavegacaoHamburger.csproj", "{0385110D-5A4F-4E08-9E69-C054876D5761}"
EndProject
Project("{FAE04EC0-301F-11D3-BF4B-00C04F79EFBC}") = "Publicacao", "Publicacao\Publicacao.csproj", "{9F3E1D97-E8B0-4103-A9BF-0D88B1FE3B0E}"
EndProject
Project("{FAE04EC0-301F-11D3-BF4B-00C04F79EFBC}") = "Contatos", "Contatos\Contatos.csproj", "{DCD20E98-BF26-4018-AF94-4A1FFAB4742C}"
EndProject
Global
	GlobalSection(SolutionConfigurationPlatforms) = preSolution
		Debug|Any CPU = Debug|Any CPU
		Debug|ARM = Debug|ARM
		Debug|x64 = Debug|x64
		Debug|x86 = Debug|x86
		Release|Any CPU = Release|Any CPU
		Release|ARM = Release|ARM
		Release|x64 = Release|x64
		Release|x86 = Release|x86
	EndGlobalSection
	GlobalSection(ProjectConfigurationPlatforms) = postSolution
		{7B39883B-0D14-4C51-A47D-981B5FAA3777}.Debug|Any CPU.ActiveCfg = Debug|Any CPU
		{7B39883B-0D14-4C51-A47D-981B5FAA3777}.Debug|Any CPU.Build.0 = Debug|Any CPU
		{7B39883B-0D14-4C51-A47D-981B5FAA3777}.Debug|ARM.ActiveCfg = Debug|Any CPU
		{7B39883B-0D14-4C51-A47D-981B5FAA3777}.Debug|ARM.Build.0 = Debug|Any CPU
		{7B39883B-0D14-4C51-A47D-981B5FAA3777}.Debug|x64.ActiveCfg = Debug|Any CPU
		{7B39883B-0D14-4C51-A47D-981B5FAA3777}.Debug|x64.Build.0 = Debug|Any CPU
		{7B39883B-0D14-4C51-A47D-981B5FAA3777}.Debug|x86.ActiveCfg = Debug|Any CPU
		{7B39883B-0D14-4C51-A47D-981B5FAA3777}.Debug|x86.Build.0 = Debug|Any CPU
		{7B39883B-0D14-4C51-A47D-981B5FAA3777}.Release|Any CPU.ActiveCfg = Release|Any CPU
		{7B39883B-0D14-4C51-A47D-981B5FAA3777}.Release|Any CPU.Build.0 = Release|Any CPU
		{7B39883B-0D14-4C51-A47D-981B5FAA3777}.Release|ARM.ActiveCfg = Release|Any CPU
		{7B39883B-0D14-4C51-A47D-981B5FAA3777}.Release|ARM.Build.0 = Release|Any CPU
		{7B39883B-0D14-4C51-A47D-981B5FAA3777}.Release|x64.ActiveCfg = Release|Any CPU
		{7B39883B-0D14-4C51-A47D-981B5FAA3777}.Release|x64.Build.0 = Release|Any CPU
		{7B39883B-0D14-4C51-A47D-981B5FAA3777}.Release|x86.ActiveCfg = Release|Any CPU
		{7B39883B-0D14-4C51-A47D-981B5FAA3777}.Release|x86.Build.0 = Release|Any CPU
		{0AB453AE-2CD7-4708-A5A0-C21C41EF6875}.Debug|Any CPU.ActiveCfg = Debug|x86
		{0AB453AE-2CD7-4708-A5A0-C21C41EF6875}.Debug|ARM.ActiveCfg = Debug|ARM
		{0AB453AE-2CD7-4708-A5A0-C21C41EF6875}.Debug|ARM.Build.0 = Debug|ARM
		{0AB453AE-2CD7-4708-A5A0-C21C41EF6875}.Debug|ARM.Deploy.0 = Debug|ARM
		{0AB453AE-2CD7-4708-A5A0-C21C41EF6875}.Debug|x64.ActiveCfg = Debug|x64
		{0AB453AE-2CD7-4708-A5A0-C21C41EF6875}.Debug|x64.Build.0 = Debug|x64
		{0AB453AE-2CD7-4708-A5A0-C21C41EF6875}.Debug|x64.Deploy.0 = Debug|x64
		{0AB453AE-2CD7-4708-A5A0-C21C41EF6875}.Debug|x86.ActiveCfg = Debug|x86
		{0AB453AE-2CD7-4708-A5A0-C21C41EF6875}.Debug|x86.Build.0 = Debug|x86
		{0AB453AE-2CD7-4708-A5A0-C21C41EF6875}.Debug|x86.Deploy.0 = Debug|x86
		{0AB453AE-2CD7-4708-A5A0-C21C41EF6875}.Release|Any CPU.ActiveCfg = Release|x86
		{0AB453AE-2CD7-4708-A5A0-C21C41EF6875}.Release|ARM.ActiveCfg = Release|ARM
		{0AB453AE-2CD7-4708-A5A0-C21C41EF6875}.Release|ARM.Build.0 = Release|ARM
		{0AB453AE-2CD7-4708-A5A0-C21C41EF6875}.Release|ARM.Deploy.0 = Release|ARM
		{0AB453AE-2CD7-4708-A5A0-C21C41EF6875}.Release|x64.ActiveCfg = Release|x64
		{0AB453AE-2CD7-4708-A5A0-C21C41EF6875}.Release|x64.Build.0 = Release|x64
		{0AB453AE-2CD7-4708-A5A0-C21C41EF6875}.Release|x64.Deploy.0 = Release|x64
		{0AB453AE-2CD7-4708-A5A0-C21C41EF6875}.Release|x86.ActiveCfg = Release|x86
		{0AB453AE-2CD7-4708-A5A0-C21C41EF6875}.Release|x86.Build.0 = Release|x86
		{0AB453AE-2CD7-4708-A5A0-C21C41EF6875}.Release|x86.Deploy.0 = Release|x86
		{9B528FA9-7FB3-4EB2-9BC1-B03BBE2BDF1C}.Debug|Any CPU.ActiveCfg = Debug|x86
		{9B528FA9-7FB3-4EB2-9BC1-B03BBE2BDF1C}.Debug|ARM.ActiveCfg = Debug|ARM
		{9B528FA9-7FB3-4EB2-9BC1-B03BBE2BDF1C}.Debug|ARM.Build.0 = Debug|ARM
		{9B528FA9-7FB3-4EB2-9BC1-B03BBE2BDF1C}.Debug|ARM.Deploy.0 = Debug|ARM
		{9B528FA9-7FB3-4EB2-9BC1-B03BBE2BDF1C}.Debug|x64.ActiveCfg = Debug|x64
		{9B528FA9-7FB3-4EB2-9BC1-B03BBE2BDF1C}.Debug|x64.Build.0 = Debug|x64
		{9B528FA9-7FB3-4EB2-9BC1-B03BBE2BDF1C}.Debug|x64.Deploy.0 = Debug|x64
		{9B528FA9-7FB3-4EB2-9BC1-B03BBE2BDF1C}.Debug|x86.ActiveCfg = Debug|x86
		{9B528FA9-7FB3-4EB2-9BC1-B03BBE2BDF1C}.Debug|x86.Build.0 = Debug|x86
		{9B528FA9-7FB3-4EB2-9BC1-B03BBE2BDF1C}.Debug|x86.Deploy.0 = Debug|x86
		{9B528FA9-7FB3-4EB2-9BC1-B03BBE2BDF1C}.Release|Any CPU.ActiveCfg = Release|x86
		{9B528FA9-7FB3-4EB2-9BC1-B03BBE2BDF1C}.Release|ARM.ActiveCfg = Release|ARM
		{9B528FA9-7FB3-4EB2-9BC1-B03BBE2BDF1C}.Release|ARM.Build.0 = Release|ARM
		{9B528FA9-7FB3-4EB2-9BC1-B03BBE2BDF1C}.Release|ARM.Deploy.0 = Release|ARM
		{9B528FA9-7FB3-4EB2-9BC1-B03BBE2BDF1C}.Release|x64.ActiveCfg = Release|x64
		{9B528FA9-7FB3-4EB2-9BC1-B03BBE2BDF1C}.Release|x64.Build.0 = Release|x64
		{9B528FA9-7FB3-4EB2-9BC1-B03BBE2BDF1C}.Release|x64.Deploy.0 = Release|x64
		{9B528FA9-7FB3-4EB2-9BC1-B03BBE2BDF1C}.Release|x86.ActiveCfg = Release|x86
		{9B528FA9-7FB3-4EB2-9BC1-B03BBE2BDF1C}.Release|x86.Build.0 = Release|x86
		{9B528FA9-7FB3-4EB2-9BC1-B03BBE2BDF1C}.Release|x86.Deploy.0 = Release|x86
		{E2A7D20A-1D75-43D8-AC68-520851173207}.Debug|Any CPU.ActiveCfg = Debug|x86
		{E2A7D20A-1D75-43D8-AC68-520851173207}.Debug|ARM.ActiveCfg = Debug|ARM
		{E2A7D20A-1D75-43D8-AC68-520851173207}.Debug|ARM.Build.0 = Debug|ARM
		{E2A7D20A-1D75-43D8-AC68-520851173207}.Debug|ARM.Deploy.0 = Debug|ARM
		{E2A7D20A-1D75-43D8-AC68-520851173207}.Debug|x64.ActiveCfg = Debug|x64
		{E2A7D20A-1D75-43D8-AC68-520851173207}.Debug|x64.Build.0 = Debug|x64
		{E2A7D20A-1D75-43D8-AC68-520851173207}.Debug|x64.Deploy.0 = Debug|x64
		{E2A7D20A-1D75-43D8-AC68-520851173207}.Debug|x86.ActiveCfg = Debug|x86
		{E2A7D20A-1D75-43D8-AC68-520851173207}.Debug|x86.Build.0 = Debug|x86
		{E2A7D20A-1D75-43D8-AC68-520851173207}.Debug|x86.Deploy.0 = Debug|x86
		{E2A7D20A-1D75-43D8-AC68-520851173207}.Release|Any CPU.ActiveCfg = Release|x86
		{E2A7D20A-1D75-43D8-AC68-520851173207}.Release|ARM.ActiveCfg = Release|ARM
		{E2A7D20A-1D75-43D8-AC68-520851173207}.Release|ARM.Build.0 = Release|ARM
		{E2A7D20A-1D75-43D8-AC68-520851173207}.Release|ARM.Deploy.0 = Release|ARM
		{E2A7D20A-1D75-43D8-AC68-520851173207}.Release|x64.ActiveCfg = Release|x64
		{E2A7D20A-1D75-43D8-AC68-520851173207}.Release|x64.Build.0 = Release|x64
		{E2A7D20A-1D75-43D8-AC68-520851173207}.Release|x64.Deploy.0 = Release|x64
		{E2A7D20A-1D75-43D8-AC68-520851173207}.Release|x86.ActiveCfg = Release|x86
		{E2A7D20A-1D75-43D8-AC68-520851173207}.Release|x86.Build.0 = Release|x86
		{E2A7D20A-1D75-43D8-AC68-520851173207}.Release|x86.Deploy.0 = Release|x86
		{9B9598DE-FA43-41B1-AFFA-F9A28F16BE89}.Debug|Any CPU.ActiveCfg = Debug|x86
		{9B9598DE-FA43-41B1-AFFA-F9A28F16BE89}.Debug|ARM.ActiveCfg = Debug|ARM
		{9B9598DE-FA43-41B1-AFFA-F9A28F16BE89}.Debug|ARM.Build.0 = Debug|ARM
		{9B9598DE-FA43-41B1-AFFA-F9A28F16BE89}.Debug|ARM.Deploy.0 = Debug|ARM
		{9B9598DE-FA43-41B1-AFFA-F9A28F16BE89}.Debug|x64.ActiveCfg = Debug|x64
		{9B9598DE-FA43-41B1-AFFA-F9A28F16BE89}.Debug|x64.Build.0 = Debug|x64
		{9B9598DE-FA43-41B1-AFFA-F9A28F16BE89}.Debug|x64.Deploy.0 = Debug|x64
		{9B9598DE-FA43-41B1-AFFA-F9A28F16BE89}.Debug|x86.ActiveCfg = Debug|x86
		{9B9598DE-FA43-41B1-AFFA-F9A28F16BE89}.Debug|x86.Build.0 = Debug|x86
		{9B9598DE-FA43-41B1-AFFA-F9A28F16BE89}.Debug|x86.Deploy.0 = Debug|x86
		{9B9598DE-FA43-41B1-AFFA-F9A28F16BE89}.Release|Any CPU.ActiveCfg = Release|x86
		{9B9598DE-FA43-41B1-AFFA-F9A28F16BE89}.Release|ARM.ActiveCfg = Release|ARM
		{9B9598DE-FA43-41B1-AFFA-F9A28F16BE89}.Release|ARM.Build.0 = Release|ARM
		{9B9598DE-FA43-41B1-AFFA-F9A28F16BE89}.Release|ARM.Deploy.0 = Release|ARM
		{9B9598DE-FA43-41B1-AFFA-F9A28F16BE89}.Release|x64.ActiveCfg = Release|x64
		{9B9598DE-FA43-41B1-AFFA-F9A28F16BE89}.Release|x64.Build.0 = Release|x64
		{9B9598DE-FA43-41B1-AFFA-F9A28F16BE89}.Release|x64.Deploy.0 = Release|x64
		{9B9598DE-FA43-41B1-AFFA-F9A28F16BE89}.Release|x86.ActiveCfg = Release|x86
		{9B9598DE-FA43-41B1-AFFA-F9A28F16BE89}.Release|x86.Build.0 = Release|x86
		{9B9598DE-FA43-41B1-AFFA-F9A28F16BE89}.Release|x86.Deploy.0 = Release|x86
		{0385110D-5A4F-4E08-9E69-C054876D5761}.Debug|Any CPU.ActiveCfg = Debug|x86
		{0385110D-5A4F-4E08-9E69-C054876D5761}.Debug|ARM.ActiveCfg = Debug|ARM
		{0385110D-5A4F-4E08-9E69-C054876D5761}.Debug|ARM.Build.0 = Debug|ARM
		{0385110D-5A4F-4E08-9E69-C054876D5761}.Debug|ARM.Deploy.0 = Debug|ARM
		{0385110D-5A4F-4E08-9E69-C054876D5761}.Debug|x64.ActiveCfg = Debug|x64
		{0385110D-5A4F-4E08-9E69-C054876D5761}.Debug|x64.Build.0 = Debug|x64
		{0385110D-5A4F-4E08-9E69-C054876D5761}.Debug|x64.Deploy.0 = Debug|x64
		{0385110D-5A4F-4E08-9E69-C054876D5761}.Debug|x86.ActiveCfg = Debug|x86
		{0385110D-5A4F-4E08-9E69-C054876D5761}.Debug|x86.Build.0 = Debug|x86
		{0385110D-5A4F-4E08-9E69-C054876D5761}.Debug|x86.Deploy.0 = Debug|x86
		{0385110D-5A4F-4E08-9E69-C054876D5761}.Release|Any CPU.ActiveCfg = Release|x86
		{0385110D-5A4F-4E08-9E69-C054876D5761}.Release|ARM.ActiveCfg = Release|ARM
		{0385110D-5A4F-4E08-9E69-C054876D5761}.Release|ARM.Build.0 = Release|ARM
		{0385110D-5A4F-4E08-9E69-C054876D5761}.Release|ARM.Deploy.0 = Release|ARM
		{0385110D-5A4F-4E08-9E69-C054876D5761}.Release|x64.ActiveCfg = Release|x64
		{0385110D-5A4F-4E08-9E69-C054876D5761}.Release|x64.Build.0 = Release|x64
		{0385110D-5A4F-4E08-9E69-C054876D5761}.Release|x64.Deploy.0 = Release|x64
		{0385110D-5A4F-4E08-9E69-C054876D5761}.Release|x86.ActiveCfg = Release|x86
		{0385110D-5A4F-4E08-9E69-C054876D5761}.Release|x86.Build.0 = Release|x86
		{0385110D-5A4F-4E08-9E69-C054876D5761}.Release|x86.Deploy.0 = Release|x86
		{9F3E1D97-E8B0-4103-A9BF-0D88B1FE3B0E}.Debug|Any CPU.ActiveCfg = Debug|x86
		{9F3E1D97-E8B0-4103-A9BF-0D88B1FE3B0E}.Debug|ARM.ActiveCfg = Debug|ARM
		{9F3E1D97-E8B0-4103-A9BF-0D88B1FE3B0E}.Debug|ARM.Build.0 = Debug|ARM
		{9F3E1D97-E8B0-4103-A9BF-0D88B1FE3B0E}.Debug|ARM.Deploy.0 = Debug|ARM
		{9F3E1D97-E8B0-4103-A9BF-0D88B1FE3B0E}.Debug|x64.ActiveCfg = Debug|x64
		{9F3E1D97-E8B0-4103-A9BF-0D88B1FE3B0E}.Debug|x64.Build.0 = Debug|x64
		{9F3E1D97-E8B0-4103-A9BF-0D88B1FE3B0E}.Debug|x64.Deploy.0 = Debug|x64
		{9F3E1D97-E8B0-4103-A9BF-0D88B1FE3B0E}.Debug|x86.ActiveCfg = Debug|x86
		{9F3E1D97-E8B0-4103-A9BF-0D88B1FE3B0E}.Debug|x86.Build.0 = Debug|x86
		{9F3E1D97-E8B0-4103-A9BF-0D88B1FE3B0E}.Debug|x86.Deploy.0 = Debug|x86
		{9F3E1D97-E8B0-4103-A9BF-0D88B1FE3B0E}.Release|Any CPU.ActiveCfg = Release|x86
		{9F3E1D97-E8B0-4103-A9BF-0D88B1FE3B0E}.Release|ARM.ActiveCfg = Release|ARM
		{9F3E1D97-E8B0-4103-A9BF-0D88B1FE3B0E}.Release|ARM.Build.0 = Release|ARM
		{9F3E1D97-E8B0-4103-A9BF-0D88B1FE3B0E}.Release|ARM.Deploy.0 = Release|ARM
		{9F3E1D97-E8B0-4103-A9BF-0D88B1FE3B0E}.Release|x64.ActiveCfg = Release|x64
		{9F3E1D97-E8B0-4103-A9BF-0D88B1FE3B0E}.Release|x64.Build.0 = Release|x64
		{9F3E1D97-E8B0-4103-A9BF-0D88B1FE3B0E}.Release|x64.Deploy.0 = Release|x64
		{9F3E1D97-E8B0-4103-A9BF-0D88B1FE3B0E}.Release|x86.ActiveCfg = Release|x86
		{9F3E1D97-E8B0-4103-A9BF-0D88B1FE3B0E}.Release|x86.Build.0 = Release|x86
		{9F3E1D97-E8B0-4103-A9BF-0D88B1FE3B0E}.Release|x86.Deploy.0 = Release|x86
		{DCD20E98-BF26-4018-AF94-4A1FFAB4742C}.Debug|Any CPU.ActiveCfg = Debug|x86
		{DCD20E98-BF26-4018-AF94-4A1FFAB4742C}.Debug|ARM.ActiveCfg = Debug|ARM
		{DCD20E98-BF26-4018-AF94-4A1FFAB4742C}.Debug|ARM.Build.0 = Debug|ARM
		{DCD20E98-BF26-4018-AF94-4A1FFAB4742C}.Debug|ARM.Deploy.0 = Debug|ARM
		{DCD20E98-BF26-4018-AF94-4A1FFAB4742C}.Debug|x64.ActiveCfg = Debug|x64
		{DCD20E98-BF26-4018-AF94-4A1FFAB4742C}.Debug|x64.Build.0 = Debug|x64
		{DCD20E98-BF26-4018-AF94-4A1FFAB4742C}.Debug|x64.Deploy.0 = Debug|x64
		{DCD20E98-BF26-4018-AF94-4A1FFAB4742C}.Debug|x86.ActiveCfg = Debug|x86
		{DCD20E98-BF26-4018-AF94-4A1FFAB4742C}.Debug|x86.Build.0 = Debug|x86
		{DCD20E98-BF26-4018-AF94-4A1FFAB4742C}.Debug|x86.Deploy.0 = Debug|x86
		{DCD20E98-BF26-4018-AF94-4A1FFAB4742C}.Release|Any CPU.ActiveCfg = Release|x86
		{DCD20E98-BF26-4018-AF94-4A1FFAB4742C}.Release|ARM.ActiveCfg = Release|ARM
		{DCD20E98-BF26-4018-AF94-4A1FFAB4742C}.Release|ARM.Build.0 = Release|ARM
		{DCD20E98-BF26-4018-AF94-4A1FFAB4742C}.Release|ARM.Deploy.0 = Release|ARM
		{DCD20E98-BF26-4018-AF94-4A1FFAB4742C}.Release|x64.ActiveCfg = Release|x64
		{DCD20E98-BF26-4018-AF94-4A1FFAB4742C}.Release|x64.Build.0 = Release|x64
		{DCD20E98-BF26-4018-AF94-4A1FFAB4742C}.Release|x64.Deploy.0 = Release|x64
		{DCD20E98-BF26-4018-AF94-4A1FFAB4742C}.Release|x86.ActiveCfg = Release|x86
		{DCD20E98-BF26-4018-AF94-4A1FFAB4742C}.Release|x86.Build.0 = Release|x86
		{DCD20E98-BF26-4018-AF94-4A1FFAB4742C}.Release|x86.Deploy.0 = Release|x86
	EndGlobalSection
	GlobalSection(SolutionProperties) = preSolution
		HideSolutionNode = FALSE
	EndGlobalSection
EndGlobal
